
Microsoft Visual Studio Solution File, Format Version 12.00
# Visual Studio 15
VisualStudioVersion = 15.0.26730.16
MinimumVisualStudioVersion = 10.0.40219.1
Project("{8BC9CEB8-8B4A-11D0-8D11-00A0C91BC942}") = "extra", "extra\extra.vcxproj", "{AD90601D-A022-4AA9-B125-2C9314C559ED}"
EndProject
Global
	GlobalSection(SolutionConfigurationPlatforms) = preSolution
		Debug|x64 = Debug|x64
		Debug|x86 = Debug|x86
		Release|x64 = Release|x64
		Release|x86 = Release|x86
	EndGlobalSection
	GlobalSection(ProjectConfigurationPlatforms) = postSolution
		{AD90601D-A022-4AA9-B125-2C9314C559ED}.Debug|x64.ActiveCfg = Debug|x64
		{AD90601D-A022-4AA9-B125-2C9314C559ED}.Debug|x64.Build.0 = Debug|x64
		{AD90601D-A022-4AA9-B125-2C9314C559ED}.Debug|x86.ActiveCfg = Debug|Win32
		{AD90601D-A022-4AA9-B125-2C9314C559ED}.Debug|x86.Build.0 = Debug|Win32
		{AD90601D-A022-4AA9-B125-2C9314C559ED}.Release|x64.ActiveCfg = Release|x64
		{AD90601D-A022-4AA9-B125-2C9314C559ED}.Release|x64.Build.0 = Release|x64
		{AD90601D-A022-4AA9-B125-2C9314C559ED}.Release|x86.ActiveCfg = Release|Win32
		{AD90601D-A022-4AA9-B125-2C9314C559ED}.Release|x86.Build.0 = Release|Win32
	EndGlobalSection
	GlobalSection(SolutionProperties) = preSolution
		HideSolutionNode = FALSE
	EndGlobalSection
	GlobalSection(ExtensibilityGlobals) = postSolution
		SolutionGuid = {72B84365-4441-4290-AC2D-CC758DD6BD6F}
	EndGlobalSection
EndGlobal
