
Microsoft Visual Studio Solution File, Format Version 12.00
# Visual Studio 15
VisualStudioVersion = 15.0.26730.16
MinimumVisualStudioVersion = 10.0.40219.1
Project("{8BC9CEB8-8B4A-11D0-8D11-00A0C91BC942}") = "Задание1", "Задание1\Задание1.vcxproj", "{8BB87E50-2CB4-44F1-82BB-50D6533031F1}"
EndProject
Project("{8BC9CEB8-8B4A-11D0-8D11-00A0C91BC942}") = "extra", "Среднее потребление\Среднее потребление.vcxproj", "{361160FF-315F-4F77-B971-07CE059E9DD3}"
EndProject
Global
	GlobalSection(SolutionConfigurationPlatforms) = preSolution
		Debug|x64 = Debug|x64
		Debug|x86 = Debug|x86
		Release|x64 = Release|x64
		Release|x86 = Release|x86
	EndGlobalSection
	GlobalSection(ProjectConfigurationPlatforms) = postSolution
		{8BB87E50-2CB4-44F1-82BB-50D6533031F1}.Debug|x64.ActiveCfg = Debug|x64
		{8BB87E50-2CB4-44F1-82BB-50D6533031F1}.Debug|x64.Build.0 = Debug|x64
		{8BB87E50-2CB4-44F1-82BB-50D6533031F1}.Debug|x86.ActiveCfg = Debug|Win32
		{8BB87E50-2CB4-44F1-82BB-50D6533031F1}.Debug|x86.Build.0 = Debug|Win32
		{8BB87E50-2CB4-44F1-82BB-50D6533031F1}.Release|x64.ActiveCfg = Release|x64
		{8BB87E50-2CB4-44F1-82BB-50D6533031F1}.Release|x64.Build.0 = Release|x64
		{8BB87E50-2CB4-44F1-82BB-50D6533031F1}.Release|x86.ActiveCfg = Release|Win32
		{8BB87E50-2CB4-44F1-82BB-50D6533031F1}.Release|x86.Build.0 = Release|Win32
		{361160FF-315F-4F77-B971-07CE059E9DD3}.Debug|x64.ActiveCfg = Debug|x64
		{361160FF-315F-4F77-B971-07CE059E9DD3}.Debug|x64.Build.0 = Debug|x64
		{361160FF-315F-4F77-B971-07CE059E9DD3}.Debug|x86.ActiveCfg = Debug|Win32
		{361160FF-315F-4F77-B971-07CE059E9DD3}.Debug|x86.Build.0 = Debug|Win32
		{361160FF-315F-4F77-B971-07CE059E9DD3}.Release|x64.ActiveCfg = Release|x64
		{361160FF-315F-4F77-B971-07CE059E9DD3}.Release|x64.Build.0 = Release|x64
		{361160FF-315F-4F77-B971-07CE059E9DD3}.Release|x86.ActiveCfg = Release|Win32
		{361160FF-315F-4F77-B971-07CE059E9DD3}.Release|x86.Build.0 = Release|Win32
	EndGlobalSection
	GlobalSection(SolutionProperties) = preSolution
		HideSolutionNode = FALSE
	EndGlobalSection
	GlobalSection(ExtensibilityGlobals) = postSolution
		SolutionGuid = {23DBB4AE-B0B5-486A-AF1B-971F4C4FF975}
	EndGlobalSection
EndGlobal
